{
  "name": "putricypress",
  "version": "1.0.0",
  "lockfileVersion": 3,
  "requires": true,
  "packages": {
    "": {
      "name": "putricypress",
      "version": "1.0.0",
      "license": "ISC",
      "devDependencies": {
        "@cypress/xpath": "^2.0.3"
      }
    },
    "node_modules/@cypress/xpath": {
      "version": "2.0.3",
      "resolved": "https://registry.npmjs.org/@cypress/xpath/-/xpath-2.0.3.tgz",
      "integrity": "sha512-Seilxmws+yty5lZSbwbjEOOiEbr7O1bCxKy2FC4jwMssC22yjByb5orDfBZPLZXYfmWZafJjvZFwts4Q3CzQAg==",
      "deprecated": "Package no longer supported. Contact Support at https://www.npmjs.com/support for more info.",
      "dev": true
    }
  }
}
