{
  "name": "putricypress",
  "version": "1.0.0",
  "lockfileVersion": 3,
  "requires": true,
  "packages": {
    "": {
      "name": "putricypress",
      "version": "1.0.0",
      "license": "ISC",
      "devDependencies": {
        "@cypress/xpath": "^2.0.3",
        "@faker-js/faker": "^8.3.1"
      }
    },
    "node_modules/@cypress/xpath": {
      "version": "2.0.3",
      "resolved": "https://registry.npmjs.org/@cypress/xpath/-/xpath-2.0.3.tgz",
      "integrity": "sha512-Seilxmws+yty5lZSbwbjEOOiEbr7O1bCxKy2FC4jwMssC22yjByb5orDfBZPLZXYfmWZafJjvZFwts4Q3CzQAg==",
      "deprecated": "Package no longer supported. Contact Support at https://www.npmjs.com/support for more info.",
      "dev": true
    },
    "node_modules/@faker-js/faker": {
      "version": "8.3.1",
      "resolved": "https://registry.npmjs.org/@faker-js/faker/-/faker-8.3.1.tgz",
      "integrity": "sha512-FdgpFxY6V6rLZE9mmIBb9hM0xpfvQOSNOLnzolzKwsE1DH+gC7lEKV1p1IbR0lAYyvYd5a4u3qWJzowUkw1bIw==",
      "dev": true,
      "funding": [
        {
          "type": "opencollective",
          "url": "https://opencollective.com/fakerjs"
        }
      ],
      "engines": {
        "node": "^14.17.0 || ^16.13.0 || >=18.0.0",
        "npm": ">=6.14.13"
      }
    }
  }
}
